// !$*UTF8*$!
{
	archiveVersion = 1;
	classes = {
	};
	objectVersion = 46;
	objects = {

/* Begin PBXBuildFile section */
		C0A8581219595A6F00C76BEE /* Foundation.framework in Frameworks */ = {isa = PBXBuildFile; fileRef = C0A8581119595A6F00C76BEE /* Foundation.framework */; };
		C0A8581419595A6F00C76BEE /* CoreGraphics.framework in Frameworks */ = {isa = PBXBuildFile; fileRef = C0A8581319595A6F00C76BEE /* CoreGraphics.framework */; };
		C0A8581619595A6F00C76BEE /* UIKit.framework in Frameworks */ = {isa = PBXBuildFile; fileRef = C0A8581519595A6F00C76BEE /* UIKit.framework */; };
		C0A8581819595A6F00C76BEE /* SpriteKit.framework in Frameworks */ = {isa = PBXBuildFile; fileRef = C0A8581719595A6F00C76BEE /* SpriteKit.framework */; };
		C0A8581E19595A6F00C76BEE /* InfoPlist.strings in Resources */ = {isa = PBXBuildFile; fileRef = C0A8581C19595A6F00C76BEE /* InfoPlist.strings */; };
		C0A8582019595A6F00C76BEE /* main.m in Sources */ = {isa = PBXBuildFile; fileRef = C0A8581F19595A6F00C76BEE /* main.m */; };
		C0A8582419595A6F00C76BEE /* AppDelegate.m in Sources */ = {isa = PBXBuildFile; fileRef = C0A8582319595A6F00C76BEE /* AppDelegate.m */; };
		C0A8582719595A6F00C76BEE /* Main_iPhone.storyboard in Resources */ = {isa = PBXBuildFile; fileRef = C0A8582519595A6F00C76BEE /* Main_iPhone.storyboard */; };
		C0A8582A19595A6F00C76BEE /* Main_iPad.storyboard in Resources */ = {isa = PBXBuildFile; fileRef = C0A8582819595A6F00C76BEE /* Main_iPad.storyboard */; };
		C0A8582D19595A6F00C76BEE /* ViewController.m in Sources */ = {isa = PBXBuildFile; fileRef = C0A8582C19595A6F00C76BEE /* ViewController.m */; };
		C0A8583019595A6F00C76BEE /* MyScene.m in Sources */ = {isa = PBXBuildFile; fileRef = C0A8582F19595A6F00C76BEE /* MyScene.m */; };
		C0A8583219595A6F00C76BEE /* Spaceship.png in Resources */ = {isa = PBXBuildFile; fileRef = C0A8583119595A6F00C76BEE /* Spaceship.png */; };
		C0A8583419595A6F00C76BEE /* Images.xcassets in Resources */ = {isa = PBXBuildFile; fileRef = C0A8583319595A6F00C76BEE /* Images.xcassets */; };
		C0A8583B19595A6F00C76BEE /* XCTest.framework in Frameworks */ = {isa = PBXBuildFile; fileRef = C0A8583A19595A6F00C76BEE /* XCTest.framework */; };
		C0A8583C19595A6F00C76BEE /* Foundation.framework in Frameworks */ = {isa = PBXBuildFile; fileRef = C0A8581119595A6F00C76BEE /* Foundation.framework */; };
		C0A8583D19595A6F00C76BEE /* UIKit.framework in Frameworks */ = {isa = PBXBuildFile; fileRef = C0A8581519595A6F00C76BEE /* UIKit.framework */; };
		C0A8584519595A6F00C76BEE /* InfoPlist.strings in Resources */ = {isa = PBXBuildFile; fileRef = C0A8584319595A6F00C76BEE /* InfoPlist.strings */; };
		C0A8584719595A6F00C76BEE /* RectangledTests.m in Sources */ = {isa = PBXBuildFile; fileRef = C0A8584619595A6F00C76BEE /* RectangledTests.m */; };
/* End PBXBuildFile section */

/* Begin PBXContainerItemProxy section */
		C0A8583E19595A6F00C76BEE /* PBXContainerItemProxy */ = {
			isa = PBXContainerItemProxy;
			containerPortal = C0A8580619595A6F00C76BEE /* Project object */;
			proxyType = 1;
			remoteGlobalIDString = C0A8580D19595A6F00C76BEE;
			remoteInfo = Rectangled;
		};
/* End PBXContainerItemProxy section */

/* Begin PBXFileReference section */
		C0A8580E19595A6F00C76BEE /* Rectangled.app */ = {isa = PBXFileReference; explicitFileType = wrapper.application; includeInIndex = 0; path = Rectangled.app; sourceTree = BUILT_PRODUCTS_DIR; };
		C0A8581119595A6F00C76BEE /* Foundation.framework */ = {isa = PBXFileReference; lastKnownFileType = wrapper.framework; name = Foundation.framework; path = System/Library/Frameworks/Foundation.framework; sourceTree = SDKROOT; };
		C0A8581319595A6F00C76BEE /* CoreGraphics.framework */ = {isa = PBXFileReference; lastKnownFileType = wrapper.framework; name = CoreGraphics.framework; path = System/Library/Frameworks/CoreGraphics.framework; sourceTree = SDKROOT; };
		C0A8581519595A6F00C76BEE /* UIKit.framework */ = {isa = PBXFileReference; lastKnownFileType = wrapper.framework; name = UIKit.framework; path = System/Library/Frameworks/UIKit.framework; sourceTree = SDKROOT; };
		C0A8581719595A6F00C76BEE /* SpriteKit.framework */ = {isa = PBXFileReference; lastKnownFileType = wrapper.framework; name = SpriteKit.framework; path = System/Library/Frameworks/SpriteKit.framework; sourceTree = SDKROOT; };
		C0A8581B19595A6F00C76BEE /* Rectangled-Info.plist */ = {isa = PBXFileReference; lastKnownFileType = text.plist.xml; path = "Rectangled-Info.plist"; sourceTree = "<group>"; };
		C0A8581D19595A6F00C76BEE /* en */ = {isa = PBXFileReference; lastKnownFileType = text.plist.strings; name = en; path = en.lproj/InfoPlist.strings; sourceTree = "<group>"; };
		C0A8581F19595A6F00C76BEE /* main.m */ = {isa = PBXFileReference; lastKnownFileType = sourcecode.c.objc; path = main.m; sourceTree = "<group>"; };
		C0A8582119595A6F00C76BEE /* Rectangled-Prefix.pch */ = {isa = PBXFileReference; lastKnownFileType = sourcecode.c.h; path = "Rectangled-Prefix.pch"; sourceTree = "<group>"; };
		C0A8582219595A6F00C76BEE /* AppDelegate.h */ = {isa = PBXFileReference; lastKnownFileType = sourcecode.c.h; path = AppDelegate.h; sourceTree = "<group>"; };
		C0A8582319595A6F00C76BEE /* AppDelegate.m */ = {isa = PBXFileReference; lastKnownFileType = sourcecode.c.objc; path = AppDelegate.m; sourceTree = "<group>"; };
		C0A8582619595A6F00C76BEE /* Base */ = {isa = PBXFileReference; lastKnownFileType = file.storyboard; name = Base; path = Base.lproj/Main_iPhone.storyboard; sourceTree = "<group>"; };
		C0A8582919595A6F00C76BEE /* Base */ = {isa = PBXFileReference; lastKnownFileType = file.storyboard; name = Base; path = Base.lproj/Main_iPad.storyboard; sourceTree = "<group>"; };
		C0A8582B19595A6F00C76BEE /* ViewController.h */ = {isa = PBXFileReference; lastKnownFileType = sourcecode.c.h; path = ViewController.h; sourceTree = "<group>"; };
		C0A8582C19595A6F00C76BEE /* ViewController.m */ = {isa = PBXFileReference; lastKnownFileType = sourcecode.c.objc; path = ViewController.m; sourceTree = "<group>"; };
		C0A8582E19595A6F00C76BEE /* MyScene.h */ = {isa = PBXFileReference; lastKnownFileType = sourcecode.c.h; path = MyScene.h; sourceTree = "<group>"; };
		C0A8582F19595A6F00C76BEE /* MyScene.m */ = {isa = PBXFileReference; lastKnownFileType = sourcecode.c.objc; path = MyScene.m; sourceTree = "<group>"; };
		C0A8583119595A6F00C76BEE /* Spaceship.png */ = {isa = PBXFileReference; lastKnownFileType = image.png; path = Spaceship.png; sourceTree = "<group>"; };
		C0A8583319595A6F00C76BEE /* Images.xcassets */ = {isa = PBXFileReference; lastKnownFileType = folder.assetcatalog; path = Images.xcassets; sourceTree = "<group>"; };
		C0A8583919595A6F00C76BEE /* RectangledTests.xctest */ = {isa = PBXFileReference; explicitFileType = wrapper.cfbundle; includeInIndex = 0; path = RectangledTests.xctest; sourceTree = BUILT_PRODUCTS_DIR; };
		C0A8583A19595A6F00C76BEE /* XCTest.framework */ = {isa = PBXFileReference; lastKnownFileType = wrapper.framework; name = XCTest.framework; path = Library/Frameworks/XCTest.framework; sourceTree = DEVELOPER_DIR; };
		C0A8584219595A6F00C76BEE /* RectangledTests-Info.plist */ = {isa = PBXFileReference; lastKnownFileType = text.plist.xml; path = "RectangledTests-Info.plist"; sourceTree = "<group>"; };
		C0A8584419595A6F00C76BEE /* en */ = {isa = PBXFileReference; lastKnownFileType = text.plist.strings; name = en; path = en.lproj/InfoPlist.strings; sourceTree = "<group>"; };
		C0A8584619595A6F00C76BEE /* RectangledTests.m */ = {isa = PBXFileReference; lastKnownFileType = sourcecode.c.objc; path = RectangledTests.m; sourceTree = "<group>"; };
/* End PBXFileReference section */

/* Begin PBXFrameworksBuildPhase section */
		C0A8580B19595A6F00C76BEE /* Frameworks */ = {
			isa = PBXFrameworksBuildPhase;
			buildActionMask = 2147483647;
			files = (
				C0A8581419595A6F00C76BEE /* CoreGraphics.framework in Frameworks */,
				C0A8581619595A6F00C76BEE /* UIKit.framework in Frameworks */,
				C0A8581819595A6F00C76BEE /* SpriteKit.framework in Frameworks */,
				C0A8581219595A6F00C76BEE /* Foundation.framework in Frameworks */,
			);
			runOnlyForDeploymentPostprocessing = 0;
		};
		C0A8583619595A6F00C76BEE /* Frameworks */ = {
			isa = PBXFrameworksBuildPhase;
			buildActionMask = 2147483647;
			files = (
				C0A8583B19595A6F00C76BEE /* XCTest.framework in Frameworks */,
				C0A8583D19595A6F00C76BEE /* UIKit.framework in Frameworks */,
				C0A8583C19595A6F00C76BEE /* Foundation.framework in Frameworks */,
			);
			runOnlyForDeploymentPostprocessing = 0;
		};
/* End PBXFrameworksBuildPhase section */

/* Begin PBXGroup section */
		C0A8580519595A6F00C76BEE = {
			isa = PBXGroup;
			children = (
				C0A8581919595A6F00C76BEE /* Rectangled */,
				C0A8584019595A6F00C76BEE /* RectangledTests */,
				C0A8581019595A6F00C76BEE /* Frameworks */,
				C0A8580F19595A6F00C76BEE /* Products */,
			);
			sourceTree = "<group>";
		};
		C0A8580F19595A6F00C76BEE /* Products */ = {
			isa = PBXGroup;
			children = (
				C0A8580E19595A6F00C76BEE /* Rectangled.app */,
				C0A8583919595A6F00C76BEE /* RectangledTests.xctest */,
			);
			name = Products;
			sourceTree = "<group>";
		};
		C0A8581019595A6F00C76BEE /* Frameworks */ = {
			isa = PBXGroup;
			children = (
				C0A8581119595A6F00C76BEE /* Foundation.framework */,
				C0A8581319595A6F00C76BEE /* CoreGraphics.framework */,
				C0A8581519595A6F00C76BEE /* UIKit.framework */,
				C0A8581719595A6F00C76BEE /* SpriteKit.framework */,
				C0A8583A19595A6F00C76BEE /* XCTest.framework */,
			);
			name = Frameworks;
			sourceTree = "<group>";
		};
		C0A8581919595A6F00C76BEE /* Rectangled */ = {
			isa = PBXGroup;
			children = (
				C0A8582219595A6F00C76BEE /* AppDelegate.h */,
				C0A8582319595A6F00C76BEE /* AppDelegate.m */,
				C0A8582519595A6F00C76BEE /* Main_iPhone.storyboard */,
				C0A8582819595A6F00C76BEE /* Main_iPad.storyboard */,
				C0A8582B19595A6F00C76BEE /* ViewController.h */,
				C0A8582C19595A6F00C76BEE /* ViewController.m */,
				C0A8582E19595A6F00C76BEE /* MyScene.h */,
				C0A8582F19595A6F00C76BEE /* MyScene.m */,
				C0A8583119595A6F00C76BEE /* Spaceship.png */,
				C0A8583319595A6F00C76BEE /* Images.xcassets */,
				C0A8581A19595A6F00C76BEE /* Supporting Files */,
			);
			path = Rectangled;
			sourceTree = "<group>";
		};
		C0A8581A19595A6F00C76BEE /* Supporting Files */ = {
			isa = PBXGroup;
			children = (
				C0A8581B19595A6F00C76BEE /* Rectangled-Info.plist */,
				C0A8581C19595A6F00C76BEE /* InfoPlist.strings */,
				C0A8581F19595A6F00C76BEE /* main.m */,
				C0A8582119595A6F00C76BEE /* Rectangled-Prefix.pch */,
			);
			name = "Supporting Files";
			sourceTree = "<group>";
		};
		C0A8584019595A6F00C76BEE /* RectangledTests */ = {
			isa = PBXGroup;
			children = (
				C0A8584619595A6F00C76BEE /* RectangledTests.m */,
				C0A8584119595A6F00C76BEE /* Supporting Files */,
			);
			path = RectangledTests;
			sourceTree = "<group>";
		};
		C0A8584119595A6F00C76BEE /* Supporting Files */ = {
			isa = PBXGroup;
			children = (
				C0A8584219595A6F00C76BEE /* RectangledTests-Info.plist */,
				C0A8584319595A6F00C76BEE /* InfoPlist.strings */,
			);
			name = "Supporting Files";
			sourceTree = "<group>";
		};
/* End PBXGroup section */

/* Begin PBXNativeTarget section */
		C0A8580D19595A6F00C76BEE /* Rectangled */ = {
			isa = PBXNativeTarget;
			buildConfigurationList = C0A8584A19595A6F00C76BEE /* Build configuration list for PBXNativeTarget "Rectangled" */;
			buildPhases = (
				C0A8580A19595A6F00C76BEE /* Sources */,
				C0A8580B19595A6F00C76BEE /* Frameworks */,
				C0A8580C19595A6F00C76BEE /* Resources */,
			);
			buildRules = (
			);
			dependencies = (
			);
			name = Rectangled;
			productName = Rectangled;
			productReference = C0A8580E19595A6F00C76BEE /* Rectangled.app */;
			productType = "com.apple.product-type.application";
		};
		C0A8583819595A6F00C76BEE /* RectangledTests */ = {
			isa = PBXNativeTarget;
			buildConfigurationList = C0A8584D19595A6F00C76BEE /* Build configuration list for PBXNativeTarget "RectangledTests" */;
			buildPhases = (
				C0A8583519595A6F00C76BEE /* Sources */,
				C0A8583619595A6F00C76BEE /* Frameworks */,
				C0A8583719595A6F00C76BEE /* Resources */,
			);
			buildRules = (
			);
			dependencies = (
				C0A8583F19595A6F00C76BEE /* PBXTargetDependency */,
			);
			name = RectangledTests;
			productName = RectangledTests;
			productReference = C0A8583919595A6F00C76BEE /* RectangledTests.xctest */;
			productType = "com.apple.product-type.bundle.unit-test";
		};
/* End PBXNativeTarget section */

/* Begin PBXProject section */
		C0A8580619595A6F00C76BEE /* Project object */ = {
			isa = PBXProject;
			attributes = {
				LastUpgradeCheck = 0510;
				ORGANIZATIONNAME = "Noble & Leyva Merino";
				TargetAttributes = {
					C0A8583819595A6F00C76BEE = {
						TestTargetID = C0A8580D19595A6F00C76BEE;
					};
				};
			};
			buildConfigurationList = C0A8580919595A6F00C76BEE /* Build configuration list for PBXProject "Rectangled" */;
			compatibilityVersion = "Xcode 3.2";
			developmentRegion = English;
			hasScannedForEncodings = 0;
			knownRegions = (
				en,
				Base,
			);
			mainGroup = C0A8580519595A6F00C76BEE;
			productRefGroup = C0A8580F19595A6F00C76BEE /* Products */;
			projectDirPath = "";
			projectRoot = "";
			targets = (
				C0A8580D19595A6F00C76BEE /* Rectangled */,
				C0A8583819595A6F00C76BEE /* RectangledTests */,
			);
		};
/* End PBXProject section */

/* Begin PBXResourcesBuildPhase section */
		C0A8580C19595A6F00C76BEE /* Resources */ = {
			isa = PBXResourcesBuildPhase;
			buildActionMask = 2147483647;
			files = (
				C0A8583219595A6F00C76BEE /* Spaceship.png in Resources */,
				C0A8583419595A6F00C76BEE /* Images.xcassets in Resources */,
				C0A8582A19595A6F00C76BEE /* Main_iPad.storyboard in Resources */,
				C0A8582719595A6F00C76BEE /* Main_iPhone.storyboard in Resources */,
				C0A8581E19595A6F00C76BEE /* InfoPlist.strings in Resources */,
			);
			runOnlyForDeploymentPostprocessing = 0;
		};
		C0A8583719595A6F00C76BEE /* Resources */ = {
			isa = PBXResourcesBuildPhase;
			buildActionMask = 2147483647;
			files = (
				C0A8584519595A6F00C76BEE /* InfoPlist.strings in Resources */,
			);
			runOnlyForDeploymentPostprocessing = 0;
		};
/* End PBXResourcesBuildPhase section */

/* Begin PBXSourcesBuildPhase section */
		C0A8580A19595A6F00C76BEE /* Sources */ = {
			isa = PBXSourcesBuildPhase;
			buildActionMask = 2147483647;
			files = (
				C0A8583019595A6F00C76BEE /* MyScene.m in Sources */,
				C0A8582D19595A6F00C76BEE /* ViewController.m in Sources */,
				C0A8582419595A6F00C76BEE /* AppDelegate.m in Sources */,
				C0A8582019595A6F00C76BEE /* main.m in Sources */,
			);
			runOnlyForDeploymentPostprocessing = 0;
		};
		C0A8583519595A6F00C76BEE /* Sources */ = {
			isa = PBXSourcesBuildPhase;
			buildActionMask = 2147483647;
			files = (
				C0A8584719595A6F00C76BEE /* RectangledTests.m in Sources */,
			);
			runOnlyForDeploymentPostprocessing = 0;
		};
/* End PBXSourcesBuildPhase section */

/* Begin PBXTargetDependency section */
		C0A8583F19595A6F00C76BEE /* PBXTargetDependency */ = {
			isa = PBXTargetDependency;
			target = C0A8580D19595A6F00C76BEE /* Rectangled */;
			targetProxy = C0A8583E19595A6F00C76BEE /* PBXContainerItemProxy */;
		};
/* End PBXTargetDependency section */

/* Begin PBXVariantGroup section */
		C0A8581C19595A6F00C76BEE /* InfoPlist.strings */ = {
			isa = PBXVariantGroup;
			children = (
				C0A8581D19595A6F00C76BEE /* en */,
			);
			name = InfoPlist.strings;
			sourceTree = "<group>";
		};
		C0A8582519595A6F00C76BEE /* Main_iPhone.storyboard */ = {
			isa = PBXVariantGroup;
			children = (
				C0A8582619595A6F00C76BEE /* Base */,
			);
			name = Main_iPhone.storyboard;
			sourceTree = "<group>";
		};
		C0A8582819595A6F00C76BEE /* Main_iPad.storyboard */ = {
			isa = PBXVariantGroup;
			children = (
				C0A8582919595A6F00C76BEE /* Base */,
			);
			name = Main_iPad.storyboard;
			sourceTree = "<group>";
		};
		C0A8584319595A6F00C76BEE /* InfoPlist.strings */ = {
			isa = PBXVariantGroup;
			children = (
				C0A8584419595A6F00C76BEE /* en */,
			);
			name = InfoPlist.strings;
			sourceTree = "<group>";
		};
/* End PBXVariantGroup section */

/* Begin XCBuildConfiguration section */
		C0A8584819595A6F00C76BEE /* Debug */ = {
			isa = XCBuildConfiguration;
			buildSettings = {
				ALWAYS_SEARCH_USER_PATHS = NO;
				CLANG_CXX_LANGUAGE_STANDARD = "gnu++0x";
				CLANG_CXX_LIBRARY = "libc++";
				CLANG_ENABLE_MODULES = YES;
				CLANG_ENABLE_OBJC_ARC = YES;
				CLANG_WARN_BOOL_CONVERSION = YES;
				CLANG_WARN_CONSTANT_CONVERSION = YES;
				CLANG_WARN_DIRECT_OBJC_ISA_USAGE = YES_ERROR;
				CLANG_WARN_EMPTY_BODY = YES;
				CLANG_WARN_ENUM_CONVERSION = YES;
				CLANG_WARN_INT_CONVERSION = YES;
				CLANG_WARN_OBJC_ROOT_CLASS = YES_ERROR;
				CLANG_WARN__DUPLICATE_METHOD_MATCH = YES;
				"CODE_SIGN_IDENTITY[sdk=iphoneos*]" = "iPhone Developer";
				COPY_PHASE_STRIP = NO;
				GCC_C_LANGUAGE_STANDARD = gnu99;
				GCC_DYNAMIC_NO_PIC = NO;
				GCC_OPTIMIZATION_LEVEL = 0;
				GCC_PREPROCESSOR_DEFINITIONS = (
					"DEBUG=1",
					"$(inherited)",
				);
				GCC_SYMBOLS_PRIVATE_EXTERN = NO;
				GCC_WARN_64_TO_32_BIT_CONVERSION = YES;
				GCC_WARN_ABOUT_RETURN_TYPE = YES_ERROR;
				GCC_WARN_UNDECLARED_SELECTOR = YES;
				GCC_WARN_UNINITIALIZED_AUTOS = YES_AGGRESSIVE;
				GCC_WARN_UNUSED_FUNCTION = YES;
				GCC_WARN_UNUSED_VARIABLE = YES;
				IPHONEOS_DEPLOYMENT_TARGET = 7.1;
				ONLY_ACTIVE_ARCH = YES;
				SDKROOT = iphoneos;
				TARGETED_DEVICE_FAMILY = "1,2";
			};
			name = Debug;
		};
		C0A8584919595A6F00C76BEE /* Release */ = {
			isa = XCBuildConfiguration;
			buildSettings = {
				ALWAYS_SEARCH_USER_PATHS = NO;
				CLANG_CXX_LANGUAGE_STANDARD = "gnu++0x";
				CLANG_CXX_LIBRARY = "libc++";
				CLANG_ENABLE_MODULES = YES;
				CLANG_ENABLE_OBJC_ARC = YES;
				CLANG_WARN_BOOL_CONVERSION = YES;
				CLANG_WARN_CONSTANT_CONVERSION = YES;
				CLANG_WARN_DIRECT_OBJC_ISA_USAGE = YES_ERROR;
				CLANG_WARN_EMPTY_BODY = YES;
				CLANG_WARN_ENUM_CONVERSION = YES;
				CLANG_WARN_INT_CONVERSION = YES;
				CLANG_WARN_OBJC_ROOT_CLASS = YES_ERROR;
				CLANG_WARN__DUPLICATE_METHOD_MATCH = YES;
				"CODE_SIGN_IDENTITY[sdk=iphoneos*]" = "iPhone Developer";
				COPY_PHASE_STRIP = YES;
				ENABLE_NS_ASSERTIONS = NO;
				GCC_C_LANGUAGE_STANDARD = gnu99;
				GCC_WARN_64_TO_32_BIT_CONVERSION = YES;
				GCC_WARN_ABOUT_RETURN_TYPE = YES_ERROR;
				GCC_WARN_UNDECLARED_SELECTOR = YES;
				GCC_WARN_UNINITIALIZED_AUTOS = YES_AGGRESSIVE;
				GCC_WARN_UNUSED_FUNCTION = YES;
				GCC_WARN_UNUSED_VARIABLE = YES;
				IPHONEOS_DEPLOYMENT_TARGET = 7.1;
				SDKROOT = iphoneos;
				TARGETED_DEVICE_FAMILY = "1,2";
				VALIDATE_PRODUCT = YES;
			};
			name = Release;
		};
		C0A8584B19595A6F00C76BEE /* Debug */ = {
			isa = XCBuildConfiguration;
			buildSettings = {
				ASSETCATALOG_COMPILER_APPICON_NAME = AppIcon;
				ASSETCATALOG_COMPILER_LAUNCHIMAGE_NAME = LaunchImage;
				GCC_PRECOMPILE_PREFIX_HEADER = YES;
				GCC_PREFIX_HEADER = "Rectangled/Rectangled-Prefix.pch";
				INFOPLIST_FILE = "Rectangled/Rectangled-Info.plist";
				PRODUCT_NAME = "$(TARGET_NAME)";
				SPRITEKIT_TEXTURE_ATLAS_OUTPUT = YES;
				WRAPPER_EXTENSION = app;
			};
			name = Debug;
		};
		C0A8584C19595A6F00C76BEE /* Release */ = {
			isa = XCBuildConfiguration;
			buildSettings = {
				ASSETCATALOG_COMPILER_APPICON_NAME = AppIcon;
				ASSETCATALOG_COMPILER_LAUNCHIMAGE_NAME = LaunchImage;
				GCC_PRECOMPILE_PREFIX_HEADER = YES;
				GCC_PREFIX_HEADER = "Rectangled/Rectangled-Prefix.pch";
				INFOPLIST_FILE = "Rectangled/Rectangled-Info.plist";
				PRODUCT_NAME = "$(TARGET_NAME)";
				SPRITEKIT_TEXTURE_ATLAS_OUTPUT = YES;
				WRAPPER_EXTENSION = app;
			};
			name = Release;
		};
		C0A8584E19595A6F00C76BEE /* Debug */ = {
			isa = XCBuildConfiguration;
			buildSettings = {
				BUNDLE_LOADER = "$(BUILT_PRODUCTS_DIR)/Rectangled.app/Rectangled";
				FRAMEWORK_SEARCH_PATHS = (
					"$(SDKROOT)/Developer/Library/Frameworks",
					"$(inherited)",
					"$(DEVELOPER_FRAMEWORKS_DIR)",
				);
				GCC_PRECOMPILE_PREFIX_HEADER = YES;
				GCC_PREFIX_HEADER = "Rectangled/Rectangled-Prefix.pch";
				GCC_PREPROCESSOR_DEFINITIONS = (
					"DEBUG=1",
					"$(inherited)",
				);
				INFOPLIST_FILE = "RectangledTests/RectangledTests-Info.plist";
				PRODUCT_NAME = "$(TARGET_NAME)";
				TEST_HOST = "$(BUNDLE_LOADER)";
				WRAPPER_EXTENSION = xctest;
			};
			name = Debug;
		};
		C0A8584F19595A6F00C76BEE /* Release */ = {
			isa = XCBuildConfiguration;
			buildSettings = {
				BUNDLE_LOADER = "$(BUILT_PRODUCTS_DIR)/Rectangled.app/Rectangled";
				FRAMEWORK_SEARCH_PATHS = (
					"$(SDKROOT)/Developer/Library/Frameworks",
					"$(inherited)",
					"$(DEVELOPER_FRAMEWORKS_DIR)",
				);
				GCC_PRECOMPILE_PREFIX_HEADER = YES;
				GCC_PREFIX_HEADER = "Rectangled/Rectangled-Prefix.pch";
				INFOPLIST_FILE = "RectangledTests/RectangledTests-Info.plist";
				PRODUCT_NAME = "$(TARGET_NAME)";
				TEST_HOST = "$(BUNDLE_LOADER)";
				WRAPPER_EXTENSION = xctest;
			};
			name = Release;
		};
/* End XCBuildConfiguration section */

/* Begin XCConfigurationList section */
		C0A8580919595A6F00C76BEE /* Build configuration list for PBXProject "Rectangled" */ = {
			isa = XCConfigurationList;
			buildConfigurations = (
				C0A8584819595A6F00C76BEE /* Debug */,
				C0A8584919595A6F00C76BEE /* Release */,
			);
			defaultConfigurationIsVisible = 0;
			defaultConfigurationName = Release;
		};
		C0A8584A19595A6F00C76BEE /* Build configuration list for PBXNativeTarget "Rectangled" */ = {
			isa = XCConfigurationList;
			buildConfigurations = (
				C0A8584B19595A6F00C76BEE /* Debug */,
				C0A8584C19595A6F00C76BEE /* Release */,
			);
			defaultConfigurationIsVisible = 0;
		};
		C0A8584D19595A6F00C76BEE /* Build configuration list for PBXNativeTarget "RectangledTests" */ = {
			isa = XCConfigurationList;
			buildConfigurations = (
				C0A8584E19595A6F00C76BEE /* Debug */,
				C0A8584F19595A6F00C76BEE /* Release */,
			);
			defaultConfigurationIsVisible = 0;
		};
/* End XCConfigurationList section */
	};
	rootObject = C0A8580619595A6F00C76BEE /* Project object */;
}
